# This file is automatically @generated by Cargo.
# It is not intended for manual editing.
version = 4

[[package]]
name = "atomic_lifo"
version = "0.1.0"
dependencies = [
 "defer-heavy",
]

[[package]]
name = "defer-heavy"
version = "0.1.0"
source = "registry+https://github.com/rust-lang/crates.io-index"
checksum = "5053691e3e6c0e5979cfb55503b7eb4b06531897b5c15b0f617110096b05a0e1"
